
Microsoft Visual Studio Solution File, Format Version 12.00
# Visual Studio 2012
Project("{FAE04EC0-301F-11D3-BF4B-00C04F79EFBC}") = "WeatherMashup", "WeatherMashup\WeatherMashup.csproj", "{E3763545-F389-4730-A701-93CA436F8603}"
	ProjectSection(ProjectDependencies) = postProject
		{725BC61A-9411-42DF-8A01-48351D413830} = {725BC61A-9411-42DF-8A01-48351D413830}
	EndProjectSection
EndProject
Project("{FAE04EC0-301F-11D3-BF4B-00C04F79EFBC}") = "WeatherMashup.Domain", "WeatherMashup.Domain\WeatherMashup.Domain.csproj", "{725BC61A-9411-42DF-8A01-48351D413830}"
EndProject
Global
	GlobalSection(SolutionConfigurationPlatforms) = preSolution
		Debug|Any CPU = Debug|Any CPU
		Release|Any CPU = Release|Any CPU
	EndGlobalSection
	GlobalSection(ProjectConfigurationPlatforms) = postSolution
		{E3763545-F389-4730-A701-93CA436F8603}.Debug|Any CPU.ActiveCfg = Debug|Any CPU
		{E3763545-F389-4730-A701-93CA436F8603}.Debug|Any CPU.Build.0 = Debug|Any CPU
		{E3763545-F389-4730-A701-93CA436F8603}.Release|Any CPU.ActiveCfg = Release|Any CPU
		{E3763545-F389-4730-A701-93CA436F8603}.Release|Any CPU.Build.0 = Release|Any CPU
		{725BC61A-9411-42DF-8A01-48351D413830}.Debug|Any CPU.ActiveCfg = Debug|Any CPU
		{725BC61A-9411-42DF-8A01-48351D413830}.Debug|Any CPU.Build.0 = Debug|Any CPU
		{725BC61A-9411-42DF-8A01-48351D413830}.Release|Any CPU.ActiveCfg = Release|Any CPU
		{725BC61A-9411-42DF-8A01-48351D413830}.Release|Any CPU.Build.0 = Release|Any CPU
	EndGlobalSection
	GlobalSection(SolutionProperties) = preSolution
		HideSolutionNode = FALSE
	EndGlobalSection
EndGlobal
